
Microsoft Visual Studio Solution File, Format Version 12.00
# Visual Studio Version 17
VisualStudioVersion = 17.8.34309.116
MinimumVisualStudioVersion = 10.0.40219.1
Project("{FAE04EC0-301F-11D3-BF4B-00C04F79EFBC}") = "JokesApp2", "JokesApp2\JokesApp2.csproj", "{E212835C-963F-4691-A31A-CAD510CF1974}"
EndProject
Global
	GlobalSection(SolutionConfigurationPlatforms) = preSolution
		Debug|Any CPU = Debug|Any CPU
		Release|Any CPU = Release|Any CPU
	EndGlobalSection
	GlobalSection(ProjectConfigurationPlatforms) = postSolution
		{E212835C-963F-4691-A31A-CAD510CF1974}.Debug|Any CPU.ActiveCfg = Debug|Any CPU
		{E212835C-963F-4691-A31A-CAD510CF1974}.Debug|Any CPU.Build.0 = Debug|Any CPU
		{E212835C-963F-4691-A31A-CAD510CF1974}.Release|Any CPU.ActiveCfg = Release|Any CPU
		{E212835C-963F-4691-A31A-CAD510CF1974}.Release|Any CPU.Build.0 = Release|Any CPU
	EndGlobalSection
	GlobalSection(SolutionProperties) = preSolution
		HideSolutionNode = FALSE
	EndGlobalSection
	GlobalSection(ExtensibilityGlobals) = postSolution
		SolutionGuid = {E49AC07A-83B9-481A-9DFE-42C151C29F86}
	EndGlobalSection
EndGlobal
